{
  "name": "imersao",
  "version": "1.0.0",
  "lockfileVersion": 3,
  "requires": true,
  "packages": {
    "": {
      "name": "imersao",
      "version": "1.0.0",
      "license": "ISC",
      "dependencies": {
        "@google/generative-ai": "^0.17.1",
        "@mediapipe/tasks-genai": "^0.10.15"
      }
    },
    "node_modules/@google/generative-ai": {
      "version": "0.17.1",
      "resolved": "https://registry.npmjs.org/@google/generative-ai/-/generative-ai-0.17.1.tgz",
      "integrity": "sha512-TgWz02c5l2XJlEDys81UVat5+Qg9xqmYah7tQt6xlsBwFvzIFPz64aZFGd1av2sxT22NsssqLATjNsusAIJICA==",
      "license": "Apache-2.0",
      "engines": {
        "node": ">=18.0.0"
      }
    },
    "node_modules/@mediapipe/tasks-genai": {
      "version": "0.10.15",
      "resolved": "https://registry.npmjs.org/@mediapipe/tasks-genai/-/tasks-genai-0.10.15.tgz",
      "integrity": "sha512-PyAm2EGOD+Dvi23ut20c+wDsz1yPLYpx/G3noDdfETjQQiPFXDEeCVx4O/Mgd8Mh7A586wUZakdDJWPrthDzLA==",
      "license": "Apache-2.0"
    }
  }
}
